
Microsoft Visual Studio Solution File, Format Version 12.00
# Visual Studio Version 16
VisualStudioVersion = 16.0.30114.105
MinimumVisualStudioVersion = 10.0.40219.1
Project("{2150E333-8FDC-42A3-9474-1A3956D46DE8}") = "src", "src", "{A1208585-9322-462D-8C29-ADFC9FEC8F53}"
EndProject
Project("{FAE04EC0-301F-11D3-BF4B-00C04F79EFBC}") = "HttpRequestBuilder", "src\HttpRequestBuilder\HttpRequestBuilder.csproj", "{B7CD47BC-ADA9-4B45-9CFA-19F62343F12A}"
EndProject
Project("{FAE04EC0-301F-11D3-BF4B-00C04F79EFBC}") = "HttpRequestBuilder.Tests", "src\HttpRequestBuilder.Tests\HttpRequestBuilder.Tests.csproj", "{16DCF6B3-4FE8-4E38-85B6-F098985931B1}"
EndProject
Global
	GlobalSection(SolutionConfigurationPlatforms) = preSolution
		Debug|Any CPU = Debug|Any CPU
		Release|Any CPU = Release|Any CPU
	EndGlobalSection
	GlobalSection(SolutionProperties) = preSolution
		HideSolutionNode = FALSE
	EndGlobalSection
	GlobalSection(ProjectConfigurationPlatforms) = postSolution
		{B7CD47BC-ADA9-4B45-9CFA-19F62343F12A}.Debug|Any CPU.ActiveCfg = Debug|Any CPU
		{B7CD47BC-ADA9-4B45-9CFA-19F62343F12A}.Debug|Any CPU.Build.0 = Debug|Any CPU
		{B7CD47BC-ADA9-4B45-9CFA-19F62343F12A}.Release|Any CPU.ActiveCfg = Release|Any CPU
		{B7CD47BC-ADA9-4B45-9CFA-19F62343F12A}.Release|Any CPU.Build.0 = Release|Any CPU
		{16DCF6B3-4FE8-4E38-85B6-F098985931B1}.Debug|Any CPU.ActiveCfg = Debug|Any CPU
		{16DCF6B3-4FE8-4E38-85B6-F098985931B1}.Debug|Any CPU.Build.0 = Debug|Any CPU
		{16DCF6B3-4FE8-4E38-85B6-F098985931B1}.Release|Any CPU.ActiveCfg = Release|Any CPU
		{16DCF6B3-4FE8-4E38-85B6-F098985931B1}.Release|Any CPU.Build.0 = Release|Any CPU
	EndGlobalSection
	GlobalSection(NestedProjects) = preSolution
		{B7CD47BC-ADA9-4B45-9CFA-19F62343F12A} = {A1208585-9322-462D-8C29-ADFC9FEC8F53}
		{16DCF6B3-4FE8-4E38-85B6-F098985931B1} = {A1208585-9322-462D-8C29-ADFC9FEC8F53}
	EndGlobalSection
EndGlobal
